
Microsoft Visual Studio Solution File, Format Version 12.00
# Visual Studio 15
VisualStudioVersion = 15.0.27130.2027
MinimumVisualStudioVersion = 10.0.40219.1
Project("{8BC9CEB8-8B4A-11D0-8D11-00A0C91BC942}") = "ShortestPath", "ShortestPath\ShortestPath.vcxproj", "{44A652E2-D323-4194-B112-6BA5EA765ABA}"
EndProject
Global
	GlobalSection(SolutionConfigurationPlatforms) = preSolution
		Debug|x64 = Debug|x64
		Debug|x86 = Debug|x86
		Release|x64 = Release|x64
		Release|x86 = Release|x86
	EndGlobalSection
	GlobalSection(ProjectConfigurationPlatforms) = postSolution
		{44A652E2-D323-4194-B112-6BA5EA765ABA}.Debug|x64.ActiveCfg = Debug|x64
		{44A652E2-D323-4194-B112-6BA5EA765ABA}.Debug|x64.Build.0 = Debug|x64
		{44A652E2-D323-4194-B112-6BA5EA765ABA}.Debug|x86.ActiveCfg = Debug|Win32
		{44A652E2-D323-4194-B112-6BA5EA765ABA}.Debug|x86.Build.0 = Debug|Win32
		{44A652E2-D323-4194-B112-6BA5EA765ABA}.Release|x64.ActiveCfg = Release|x64
		{44A652E2-D323-4194-B112-6BA5EA765ABA}.Release|x64.Build.0 = Release|x64
		{44A652E2-D323-4194-B112-6BA5EA765ABA}.Release|x86.ActiveCfg = Release|Win32
		{44A652E2-D323-4194-B112-6BA5EA765ABA}.Release|x86.Build.0 = Release|Win32
	EndGlobalSection
	GlobalSection(SolutionProperties) = preSolution
		HideSolutionNode = FALSE
	EndGlobalSection
	GlobalSection(ExtensibilityGlobals) = postSolution
		SolutionGuid = {F03A1FD0-24BA-484E-A3D9-63DC46C5AA27}
	EndGlobalSection
EndGlobal
